
Microsoft Visual Studio Solution File, Format Version 12.00
# Visual Studio 15
VisualStudioVersion = 15.0.27428.2005
MinimumVisualStudioVersion = 10.0.40219.1
Project("{FAE04EC0-301F-11D3-BF4B-00C04F79EFBC}") = "Schulzy.InterviewSuite.UI", "Schulzy.InterviewSuite.UI\Schulzy.InterviewSuite.UI.csproj", "{F3692823-3F46-45D3-A23F-EA49D2123A6D}"
EndProject
Global
	GlobalSection(SolutionConfigurationPlatforms) = preSolution
		Debug|Any CPU = Debug|Any CPU
		Release|Any CPU = Release|Any CPU
	EndGlobalSection
	GlobalSection(ProjectConfigurationPlatforms) = postSolution
		{F3692823-3F46-45D3-A23F-EA49D2123A6D}.Debug|Any CPU.ActiveCfg = Debug|Any CPU
		{F3692823-3F46-45D3-A23F-EA49D2123A6D}.Debug|Any CPU.Build.0 = Debug|Any CPU
		{F3692823-3F46-45D3-A23F-EA49D2123A6D}.Release|Any CPU.ActiveCfg = Release|Any CPU
		{F3692823-3F46-45D3-A23F-EA49D2123A6D}.Release|Any CPU.Build.0 = Release|Any CPU
	EndGlobalSection
	GlobalSection(SolutionProperties) = preSolution
		HideSolutionNode = FALSE
	EndGlobalSection
	GlobalSection(ExtensibilityGlobals) = postSolution
		SolutionGuid = {BF53C9C0-EE86-4DBB-AAA2-E8C433EF127A}
	EndGlobalSection
EndGlobal
